
Microsoft Visual Studio Solution File, Format Version 12.00
# Visual Studio Version 17
VisualStudioVersion = 17.2.32526.322
MinimumVisualStudioVersion = 10.0.40219.1
Project("{FAE04EC0-301F-11D3-BF4B-00C04F79EFBC}") = "LendoCirculos", "LendoCirculos\LendoCirculos.csproj", "{1C267F90-6045-4359-805F-FB1DA81BC7C0}"
EndProject
Global
	GlobalSection(SolutionConfigurationPlatforms) = preSolution
		Debug|Any CPU = Debug|Any CPU
		Release|Any CPU = Release|Any CPU
	EndGlobalSection
	GlobalSection(ProjectConfigurationPlatforms) = postSolution
		{1C267F90-6045-4359-805F-FB1DA81BC7C0}.Debug|Any CPU.ActiveCfg = Debug|Any CPU
		{1C267F90-6045-4359-805F-FB1DA81BC7C0}.Debug|Any CPU.Build.0 = Debug|Any CPU
		{1C267F90-6045-4359-805F-FB1DA81BC7C0}.Release|Any CPU.ActiveCfg = Release|Any CPU
		{1C267F90-6045-4359-805F-FB1DA81BC7C0}.Release|Any CPU.Build.0 = Release|Any CPU
	EndGlobalSection
	GlobalSection(SolutionProperties) = preSolution
		HideSolutionNode = FALSE
	EndGlobalSection
	GlobalSection(ExtensibilityGlobals) = postSolution
		SolutionGuid = {68D49DEF-036C-401F-B55A-9EE5F7C1C227}
	EndGlobalSection
EndGlobal
