
Microsoft Visual Studio Solution File, Format Version 12.00
# Visual Studio Version 17
VisualStudioVersion = 17.2.32526.322
MinimumVisualStudioVersion = 10.0.40219.1
Project("{FAE04EC0-301F-11D3-BF4B-00C04F79EFBC}") = "LendoCoordenadas", "LendoCoordenadas.csproj", "{7FCFD1D3-2B79-4E2C-A3E4-F96CABEF4D08}"
EndProject
Global
	GlobalSection(SolutionConfigurationPlatforms) = preSolution
		Debug|Any CPU = Debug|Any CPU
		Release|Any CPU = Release|Any CPU
	EndGlobalSection
	GlobalSection(ProjectConfigurationPlatforms) = postSolution
		{7FCFD1D3-2B79-4E2C-A3E4-F96CABEF4D08}.Debug|Any CPU.ActiveCfg = Debug|Any CPU
		{7FCFD1D3-2B79-4E2C-A3E4-F96CABEF4D08}.Debug|Any CPU.Build.0 = Debug|Any CPU
		{7FCFD1D3-2B79-4E2C-A3E4-F96CABEF4D08}.Release|Any CPU.ActiveCfg = Release|Any CPU
		{7FCFD1D3-2B79-4E2C-A3E4-F96CABEF4D08}.Release|Any CPU.Build.0 = Release|Any CPU
	EndGlobalSection
	GlobalSection(SolutionProperties) = preSolution
		HideSolutionNode = FALSE
	EndGlobalSection
	GlobalSection(ExtensibilityGlobals) = postSolution
		SolutionGuid = {86D26277-6BBD-4477-8A1E-A69B9CA290E1}
	EndGlobalSection
EndGlobal
