
Microsoft Visual Studio Solution File, Format Version 12.00
# Visual Studio Version 17
VisualStudioVersion = 17.2.32526.322
MinimumVisualStudioVersion = 10.0.40219.1
Project("{FAE04EC0-301F-11D3-BF4B-00C04F79EFBC}") = "LocalizandoIntervalos", "LocalizandoIntervalos.csproj", "{6E4BCF72-29F6-45D0-A987-0A35F5554919}"
EndProject
Global
	GlobalSection(SolutionConfigurationPlatforms) = preSolution
		Debug|Any CPU = Debug|Any CPU
		Release|Any CPU = Release|Any CPU
	EndGlobalSection
	GlobalSection(ProjectConfigurationPlatforms) = postSolution
		{6E4BCF72-29F6-45D0-A987-0A35F5554919}.Debug|Any CPU.ActiveCfg = Debug|Any CPU
		{6E4BCF72-29F6-45D0-A987-0A35F5554919}.Debug|Any CPU.Build.0 = Debug|Any CPU
		{6E4BCF72-29F6-45D0-A987-0A35F5554919}.Release|Any CPU.ActiveCfg = Release|Any CPU
		{6E4BCF72-29F6-45D0-A987-0A35F5554919}.Release|Any CPU.Build.0 = Release|Any CPU
	EndGlobalSection
	GlobalSection(SolutionProperties) = preSolution
		HideSolutionNode = FALSE
	EndGlobalSection
	GlobalSection(ExtensibilityGlobals) = postSolution
		SolutionGuid = {A83FD177-7949-4B0F-B71C-337338F189BB}
	EndGlobalSection
EndGlobal
