
Microsoft Visual Studio Solution File, Format Version 12.00
# Visual Studio Version 17
VisualStudioVersion = 17.2.32526.322
MinimumVisualStudioVersion = 10.0.40219.1
Project("{FAE04EC0-301F-11D3-BF4B-00C04F79EFBC}") = "Lista-exercicios-estrutura-sequencial", "Lista-exercicios-estrutura-sequencial\Lista-exercicios-estrutura-sequencial.csproj", "{C144309F-0C2E-4A94-BDAD-09354B5CFCD7}"
EndProject
Global
	GlobalSection(SolutionConfigurationPlatforms) = preSolution
		Debug|Any CPU = Debug|Any CPU
		Release|Any CPU = Release|Any CPU
	EndGlobalSection
	GlobalSection(ProjectConfigurationPlatforms) = postSolution
		{C144309F-0C2E-4A94-BDAD-09354B5CFCD7}.Debug|Any CPU.ActiveCfg = Debug|Any CPU
		{C144309F-0C2E-4A94-BDAD-09354B5CFCD7}.Debug|Any CPU.Build.0 = Debug|Any CPU
		{C144309F-0C2E-4A94-BDAD-09354B5CFCD7}.Release|Any CPU.ActiveCfg = Release|Any CPU
		{C144309F-0C2E-4A94-BDAD-09354B5CFCD7}.Release|Any CPU.Build.0 = Release|Any CPU
	EndGlobalSection
	GlobalSection(SolutionProperties) = preSolution
		HideSolutionNode = FALSE
	EndGlobalSection
	GlobalSection(ExtensibilityGlobals) = postSolution
		SolutionGuid = {0A4EA286-856E-43C1-B0B0-053D5DBAD8F2}
	EndGlobalSection
EndGlobal
